// !$*UTF8*$!
{
	archiveVersion = 1;
	classes = {
	};
	objectVersion = 46;
	objects = {

/* Begin PBXBuildFile section */
		1144BF431DA8913900876030 /* AVFoundation.framework in Frameworks */ = {isa = PBXBuildFile; fileRef = 1144BF401DA8913900876030 /* AVFoundation.framework */; };
		1144BF441DA8913900876030 /* CoreMedia.framework in Frameworks */ = {isa = PBXBuildFile; fileRef = 1144BF411DA8913900876030 /* CoreMedia.framework */; };
		1144BF451DA8913900876030 /* GLKit.framework in Frameworks */ = {isa = PBXBuildFile; fileRef = 1144BF421DA8913900876030 /* GLKit.framework */; };
		1144BF471DA894C700876030 /* UIKit.framework in Frameworks */ = {isa = PBXBuildFile; fileRef = 1144BF461DA894C700876030 /* UIKit.framework */; };
		1144BF4A1DA8955500876030 /* RenderLayerViewController.mm in Sources */ = {isa = PBXBuildFile; fileRef = 1144BF491DA8955500876030 /* RenderLayerViewController.mm */; };
		1144BF4C1DA898E800876030 /* OpenGLES.framework in Frameworks */ = {isa = PBXBuildFile; fileRef = 1144BF4B1DA898E800876030 /* OpenGLES.framework */; };
		1144BF4F1DA8C56500876030 /* OpenGLESGraphics.mm in Sources */ = {isa = PBXBuildFile; fileRef = 1144BF4E1DA8C56500876030 /* OpenGLESGraphics.mm */; };
		11B0D8D31DA8E56600F49222 /* Vertex.cpp in Sources */ = {isa = PBXBuildFile; fileRef = 11B0D8D11DA8E56600F49222 /* Vertex.cpp */; };
		11B0D8D61DA9CD2700F49222 /* Texture.cpp in Sources */ = {isa = PBXBuildFile; fileRef = 11B0D8D41DA9CD2700F49222 /* Texture.cpp */; };
		11B0D8D91DA9D61400F49222 /* OpenGLESTexture.mm in Sources */ = {isa = PBXBuildFile; fileRef = 11B0D8D71DA9D61400F49222 /* OpenGLESTexture.mm */; };
		11B0D8DC1DA9E22600F49222 /* bart.jpg in Resources */ = {isa = PBXBuildFile; fileRef = 11B0D8DB1DA9E22600F49222 /* bart.jpg */; };
		11B0D8E31DAA237000F49222 /* Camera.cpp in Sources */ = {isa = PBXBuildFile; fileRef = 11B0D8E11DAA237000F49222 /* Camera.cpp */; };
		11B0D8E81DAA26E400F49222 /* CoreVideo.framework in Frameworks */ = {isa = PBXBuildFile; fileRef = 11B0D8E71DAA26E400F49222 /* CoreVideo.framework */; };
		11B0D8EC1DAA2DE200F49222 /* Scene.cpp in Sources */ = {isa = PBXBuildFile; fileRef = 11B0D8EA1DAA2DE200F49222 /* Scene.cpp */; };
		11B0D8EF1DAA2E7C00F49222 /* GhostBartScene.cpp in Sources */ = {isa = PBXBuildFile; fileRef = 11B0D8ED1DAA2E7C00F49222 /* GhostBartScene.cpp */; };
		11FE74551DA88D9C00AA342C /* Application.cpp in Sources */ = {isa = PBXBuildFile; fileRef = 11FE74531DA88D9C00AA342C /* Application.cpp */; };
		11FE74591DA88DAF00AA342C /* Graphics.cpp in Sources */ = {isa = PBXBuildFile; fileRef = 11FE74571DA88DAF00AA342C /* Graphics.cpp */; };
		11FE74681DA88E3600AA342C /* AppDelegate.mm in Sources */ = {isa = PBXBuildFile; fileRef = 11FE745B1DA88E3600AA342C /* AppDelegate.mm */; };
		11FE74691DA88E3600AA342C /* Assets.xcassets in Resources */ = {isa = PBXBuildFile; fileRef = 11FE745C1DA88E3600AA342C /* Assets.xcassets */; };
		11FE746A1DA88E3600AA342C /* LaunchScreen.storyboard in Resources */ = {isa = PBXBuildFile; fileRef = 11FE745E1DA88E3600AA342C /* LaunchScreen.storyboard */; };
		11FE746B1DA88E3600AA342C /* Main.storyboard in Resources */ = {isa = PBXBuildFile; fileRef = 11FE74601DA88E3600AA342C /* Main.storyboard */; };
		11FE746C1DA88E3600AA342C /* HeyMan.xcdatamodeld in Sources */ = {isa = PBXBuildFile; fileRef = 11FE74621DA88E3600AA342C /* HeyMan.xcdatamodeld */; };
		11FE746E1DA88E3600AA342C /* main.mm in Sources */ = {isa = PBXBuildFile; fileRef = 11FE74651DA88E3600AA342C /* main.mm */; };
		11FE746F1DA88E3600AA342C /* ViewController.mm in Sources */ = {isa = PBXBuildFile; fileRef = 11FE74671DA88E3600AA342C /* ViewController.mm */; };
/* End PBXBuildFile section */

/* Begin PBXFileReference section */
		1144BF401DA8913900876030 /* AVFoundation.framework */ = {isa = PBXFileReference; lastKnownFileType = wrapper.framework; name = AVFoundation.framework; path = System/Library/Frameworks/AVFoundation.framework; sourceTree = SDKROOT; };
		1144BF411DA8913900876030 /* CoreMedia.framework */ = {isa = PBXFileReference; lastKnownFileType = wrapper.framework; name = CoreMedia.framework; path = System/Library/Frameworks/CoreMedia.framework; sourceTree = SDKROOT; };
		1144BF421DA8913900876030 /* GLKit.framework */ = {isa = PBXFileReference; lastKnownFileType = wrapper.framework; name = GLKit.framework; path = System/Library/Frameworks/GLKit.framework; sourceTree = SDKROOT; };
		1144BF461DA894C700876030 /* UIKit.framework */ = {isa = PBXFileReference; lastKnownFileType = wrapper.framework; name = UIKit.framework; path = System/Library/Frameworks/UIKit.framework; sourceTree = SDKROOT; };
		1144BF481DA8955500876030 /* RenderLayerViewController.h */ = {isa = PBXFileReference; fileEncoding = 4; lastKnownFileType = sourcecode.c.h; path = RenderLayerViewController.h; sourceTree = "<group>"; };
		1144BF491DA8955500876030 /* RenderLayerViewController.mm */ = {isa = PBXFileReference; fileEncoding = 4; lastKnownFileType = sourcecode.cpp.objcpp; path = RenderLayerViewController.mm; sourceTree = "<group>"; };
		1144BF4B1DA898E800876030 /* OpenGLES.framework */ = {isa = PBXFileReference; lastKnownFileType = wrapper.framework; name = OpenGLES.framework; path = System/Library/Frameworks/OpenGLES.framework; sourceTree = SDKROOT; };
		1144BF4D1DA8C56500876030 /* OpenGLESGraphics.h */ = {isa = PBXFileReference; fileEncoding = 4; lastKnownFileType = sourcecode.c.h; path = OpenGLESGraphics.h; sourceTree = "<group>"; };
		1144BF4E1DA8C56500876030 /* OpenGLESGraphics.mm */ = {isa = PBXFileReference; fileEncoding = 4; lastKnownFileType = sourcecode.cpp.objcpp; path = OpenGLESGraphics.mm; sourceTree = "<group>"; };
		11B0D8D11DA8E56600F49222 /* Vertex.cpp */ = {isa = PBXFileReference; fileEncoding = 4; lastKnownFileType = sourcecode.cpp.cpp; path = Vertex.cpp; sourceTree = "<group>"; };
		11B0D8D21DA8E56600F49222 /* Vertex.h */ = {isa = PBXFileReference; fileEncoding = 4; lastKnownFileType = sourcecode.c.h; path = Vertex.h; sourceTree = "<group>"; };
		11B0D8D41DA9CD2700F49222 /* Texture.cpp */ = {isa = PBXFileReference; fileEncoding = 4; lastKnownFileType = sourcecode.cpp.cpp; path = Texture.cpp; sourceTree = "<group>"; };
		11B0D8D51DA9CD2700F49222 /* Texture.h */ = {isa = PBXFileReference; fileEncoding = 4; lastKnownFileType = sourcecode.c.h; path = Texture.h; sourceTree = "<group>"; };
		11B0D8D71DA9D61400F49222 /* OpenGLESTexture.mm */ = {isa = PBXFileReference; fileEncoding = 4; lastKnownFileType = sourcecode.cpp.objcpp; path = OpenGLESTexture.mm; sourceTree = "<group>"; };
		11B0D8D81DA9D61400F49222 /* OpenGLESTexture.h */ = {isa = PBXFileReference; fileEncoding = 4; lastKnownFileType = sourcecode.c.h; path = OpenGLESTexture.h; sourceTree = "<group>"; };
		11B0D8DB1DA9E22600F49222 /* bart.jpg */ = {isa = PBXFileReference; lastKnownFileType = image.jpeg; path = bart.jpg; sourceTree = "<group>"; };
		11B0D8E11DAA237000F49222 /* Camera.cpp */ = {isa = PBXFileReference; fileEncoding = 4; lastKnownFileType = sourcecode.cpp.cpp; path = Camera.cpp; sourceTree = "<group>"; };
		11B0D8E21DAA237000F49222 /* Camera.h */ = {isa = PBXFileReference; fileEncoding = 4; lastKnownFileType = sourcecode.c.h; path = Camera.h; sourceTree = "<group>"; };
		11B0D8E71DAA26E400F49222 /* CoreVideo.framework */ = {isa = PBXFileReference; lastKnownFileType = wrapper.framework; name = CoreVideo.framework; path = System/Library/Frameworks/CoreVideo.framework; sourceTree = SDKROOT; };
		11B0D8EA1DAA2DE200F49222 /* Scene.cpp */ = {isa = PBXFileReference; fileEncoding = 4; lastKnownFileType = sourcecode.cpp.cpp; path = Scene.cpp; sourceTree = "<group>"; };
		11B0D8EB1DAA2DE200F49222 /* Scene.h */ = {isa = PBXFileReference; fileEncoding = 4; lastKnownFileType = sourcecode.c.h; path = Scene.h; sourceTree = "<group>"; };
		11B0D8ED1DAA2E7C00F49222 /* GhostBartScene.cpp */ = {isa = PBXFileReference; fileEncoding = 4; lastKnownFileType = sourcecode.cpp.cpp; path = GhostBartScene.cpp; sourceTree = "<group>"; };
		11B0D8EE1DAA2E7C00F49222 /* GhostBartScene.h */ = {isa = PBXFileReference; fileEncoding = 4; lastKnownFileType = sourcecode.c.h; path = GhostBartScene.h; sourceTree = "<group>"; };
		11FE741E1DA8899300AA342C /* HeyMan.app */ = {isa = PBXFileReference; explicitFileType = wrapper.application; includeInIndex = 0; path = HeyMan.app; sourceTree = BUILT_PRODUCTS_DIR; };
		11FE74531DA88D9C00AA342C /* Application.cpp */ = {isa = PBXFileReference; fileEncoding = 4; lastKnownFileType = sourcecode.cpp.cpp; path = Application.cpp; sourceTree = "<group>"; };
		11FE74541DA88D9C00AA342C /* Application.h */ = {isa = PBXFileReference; fileEncoding = 4; lastKnownFileType = sourcecode.c.h; path = Application.h; sourceTree = "<group>"; };
		11FE74571DA88DAF00AA342C /* Graphics.cpp */ = {isa = PBXFileReference; fileEncoding = 4; lastKnownFileType = sourcecode.cpp.cpp; path = Graphics.cpp; sourceTree = "<group>"; };
		11FE74581DA88DAF00AA342C /* Graphics.h */ = {isa = PBXFileReference; fileEncoding = 4; lastKnownFileType = sourcecode.c.h; path = Graphics.h; sourceTree = "<group>"; };
		11FE745A1DA88E3600AA342C /* AppDelegate.h */ = {isa = PBXFileReference; fileEncoding = 4; lastKnownFileType = sourcecode.c.h; path = AppDelegate.h; sourceTree = "<group>"; };
		11FE745B1DA88E3600AA342C /* AppDelegate.mm */ = {isa = PBXFileReference; fileEncoding = 4; lastKnownFileType = sourcecode.cpp.objcpp; path = AppDelegate.mm; sourceTree = "<group>"; };
		11FE745C1DA88E3600AA342C /* Assets.xcassets */ = {isa = PBXFileReference; lastKnownFileType = folder.assetcatalog; path = Assets.xcassets; sourceTree = "<group>"; };
		11FE745F1DA88E3600AA342C /* Base */ = {isa = PBXFileReference; lastKnownFileType = file.storyboard; name = Base; path = LaunchScreen.storyboard; sourceTree = "<group>"; };
		11FE74611DA88E3600AA342C /* Base */ = {isa = PBXFileReference; lastKnownFileType = file.storyboard; name = Base; path = Main.storyboard; sourceTree = "<group>"; };
		11FE74631DA88E3600AA342C /* HeyMan.xcdatamodel */ = {isa = PBXFileReference; lastKnownFileType = wrapper.xcdatamodel; path = HeyMan.xcdatamodel; sourceTree = "<group>"; };
		11FE74641DA88E3600AA342C /* Info.plist */ = {isa = PBXFileReference; fileEncoding = 4; lastKnownFileType = text.plist.xml; path = Info.plist; sourceTree = "<group>"; };
		11FE74651DA88E3600AA342C /* main.mm */ = {isa = PBXFileReference; fileEncoding = 4; lastKnownFileType = sourcecode.cpp.objcpp; path = main.mm; sourceTree = "<group>"; };
		11FE74661DA88E3600AA342C /* ViewController.h */ = {isa = PBXFileReference; fileEncoding = 4; lastKnownFileType = sourcecode.c.h; path = ViewController.h; sourceTree = "<group>"; };
		11FE74671DA88E3600AA342C /* ViewController.mm */ = {isa = PBXFileReference; fileEncoding = 4; lastKnownFileType = sourcecode.cpp.objcpp; path = ViewController.mm; sourceTree = "<group>"; };
/* End PBXFileReference section */

/* Begin PBXFrameworksBuildPhase section */
		11FE741B1DA8899300AA342C /* Frameworks */ = {
			isa = PBXFrameworksBuildPhase;
			buildActionMask = 2147483647;
			files = (
				11B0D8E81DAA26E400F49222 /* CoreVideo.framework in Frameworks */,
				1144BF4C1DA898E800876030 /* OpenGLES.framework in Frameworks */,
				1144BF471DA894C700876030 /* UIKit.framework in Frameworks */,
				1144BF431DA8913900876030 /* AVFoundation.framework in Frameworks */,
				1144BF441DA8913900876030 /* CoreMedia.framework in Frameworks */,
				1144BF451DA8913900876030 /* GLKit.framework in Frameworks */,
			);
			runOnlyForDeploymentPostprocessing = 0;
		};
/* End PBXFrameworksBuildPhase section */

/* Begin PBXGroup section */
		1144BF3F1DA890F800876030 /* Frameworks */ = {
			isa = PBXGroup;
			children = (
				11B0D8E71DAA26E400F49222 /* CoreVideo.framework */,
				1144BF4B1DA898E800876030 /* OpenGLES.framework */,
				1144BF461DA894C700876030 /* UIKit.framework */,
				1144BF401DA8913900876030 /* AVFoundation.framework */,
				1144BF411DA8913900876030 /* CoreMedia.framework */,
				1144BF421DA8913900876030 /* GLKit.framework */,
			);
			name = Frameworks;
			sourceTree = "<group>";
		};
		11B0D8DA1DA9E1E700F49222 /* Resources */ = {
			isa = PBXGroup;
			children = (
				11B0D8DB1DA9E22600F49222 /* bart.jpg */,
			);
			path = Resources;
			sourceTree = "<group>";
		};
		11B0D8DD1DAA21A800F49222 /* Camera */ = {
			isa = PBXGroup;
			children = (
				11B0D8E11DAA237000F49222 /* Camera.cpp */,
				11B0D8E21DAA237000F49222 /* Camera.h */,
			);
			path = Camera;
			sourceTree = "<group>";
		};
		11B0D8E91DAA2CFE00F49222 /* Scene */ = {
			isa = PBXGroup;
			children = (
				11B0D8EA1DAA2DE200F49222 /* Scene.cpp */,
				11B0D8EB1DAA2DE200F49222 /* Scene.h */,
				11B0D8ED1DAA2E7C00F49222 /* GhostBartScene.cpp */,
				11B0D8EE1DAA2E7C00F49222 /* GhostBartScene.h */,
			);
			path = Scene;
			sourceTree = "<group>";
		};
		11FE74151DA8899300AA342C = {
			isa = PBXGroup;
			children = (
				1144BF3F1DA890F800876030 /* Frameworks */,
				11FE74201DA8899300AA342C /* HeyMan */,
				11FE741F1DA8899300AA342C /* Products */,
			);
			sourceTree = "<group>";
		};
		11FE741F1DA8899300AA342C /* Products */ = {
			isa = PBXGroup;
			children = (
				11FE741E1DA8899300AA342C /* HeyMan.app */,
			);
			name = Products;
			sourceTree = "<group>";
		};
		11FE74201DA8899300AA342C /* HeyMan */ = {
			isa = PBXGroup;
			children = (
				11B0D8E91DAA2CFE00F49222 /* Scene */,
				11B0D8DD1DAA21A800F49222 /* Camera */,
				11B0D8DA1DA9E1E700F49222 /* Resources */,
				11FE74561DA88DA000AA342C /* Graphics */,
				11FE743B1DA88A3B00AA342C /* Platform */,
				11FE74531DA88D9C00AA342C /* Application.cpp */,
				11FE74541DA88D9C00AA342C /* Application.h */,
			);
			path = HeyMan;
			sourceTree = "<group>";
		};
		11FE743B1DA88A3B00AA342C /* Platform */ = {
			isa = PBXGroup;
			children = (
				11FE743C1DA88A4300AA342C /* iOS */,
			);
			path = Platform;
			sourceTree = "<group>";
		};
		11FE743C1DA88A4300AA342C /* iOS */ = {
			isa = PBXGroup;
			children = (
				11FE745D1DA88E3600AA342C /* Base.lproj */,
				11FE745A1DA88E3600AA342C /* AppDelegate.h */,
				11FE745B1DA88E3600AA342C /* AppDelegate.mm */,
				11FE745C1DA88E3600AA342C /* Assets.xcassets */,
				11FE74621DA88E3600AA342C /* HeyMan.xcdatamodeld */,
				11FE74641DA88E3600AA342C /* Info.plist */,
				11FE74651DA88E3600AA342C /* main.mm */,
				11FE74661DA88E3600AA342C /* ViewController.h */,
				11FE74671DA88E3600AA342C /* ViewController.mm */,
				1144BF481DA8955500876030 /* RenderLayerViewController.h */,
				1144BF491DA8955500876030 /* RenderLayerViewController.mm */,
				1144BF4D1DA8C56500876030 /* OpenGLESGraphics.h */,
				1144BF4E1DA8C56500876030 /* OpenGLESGraphics.mm */,
				11B0D8D71DA9D61400F49222 /* OpenGLESTexture.mm */,
				11B0D8D81DA9D61400F49222 /* OpenGLESTexture.h */,
			);
			path = iOS;
			sourceTree = "<group>";
		};
		11FE74561DA88DA000AA342C /* Graphics */ = {
			isa = PBXGroup;
			children = (
				11FE74571DA88DAF00AA342C /* Graphics.cpp */,
				11FE74581DA88DAF00AA342C /* Graphics.h */,
				11B0D8D11DA8E56600F49222 /* Vertex.cpp */,
				11B0D8D21DA8E56600F49222 /* Vertex.h */,
				11B0D8D41DA9CD2700F49222 /* Texture.cpp */,
				11B0D8D51DA9CD2700F49222 /* Texture.h */,
			);
			path = Graphics;
			sourceTree = "<group>";
		};
		11FE745D1DA88E3600AA342C /* Base.lproj */ = {
			isa = PBXGroup;
			children = (
				11FE745E1DA88E3600AA342C /* LaunchScreen.storyboard */,
				11FE74601DA88E3600AA342C /* Main.storyboard */,
			);
			path = Base.lproj;
			sourceTree = "<group>";
		};
/* End PBXGroup section */

/* Begin PBXNativeTarget section */
		11FE741D1DA8899300AA342C /* HeyMan */ = {
			isa = PBXNativeTarget;
			buildConfigurationList = 11FE74381DA8899300AA342C /* Build configuration list for PBXNativeTarget "HeyMan" */;
			buildPhases = (
				11FE741A1DA8899300AA342C /* Sources */,
				11FE741B1DA8899300AA342C /* Frameworks */,
				11FE741C1DA8899300AA342C /* Resources */,
			);
			buildRules = (
			);
			dependencies = (
			);
			name = HeyMan;
			productName = HeyMan;
			productReference = 11FE741E1DA8899300AA342C /* HeyMan.app */;
			productType = "com.apple.product-type.application";
		};
/* End PBXNativeTarget section */

/* Begin PBXProject section */
		11FE74161DA8899300AA342C /* Project object */ = {
			isa = PBXProject;
			attributes = {
				LastUpgradeCheck = 0730;
				ORGANIZATIONNAME = "Liu Yang";
				TargetAttributes = {
					11FE741D1DA8899300AA342C = {
						CreatedOnToolsVersion = 7.3.1;
					};
				};
			};
			buildConfigurationList = 11FE74191DA8899300AA342C /* Build configuration list for PBXProject "HeyMan" */;
			compatibilityVersion = "Xcode 3.2";
			developmentRegion = English;
			hasScannedForEncodings = 0;
			knownRegions = (
				en,
				Base,
			);
			mainGroup = 11FE74151DA8899300AA342C;
			productRefGroup = 11FE741F1DA8899300AA342C /* Products */;
			projectDirPath = "";
			projectRoot = "";
			targets = (
				11FE741D1DA8899300AA342C /* HeyMan */,
			);
		};
/* End PBXProject section */

/* Begin PBXResourcesBuildPhase section */
		11FE741C1DA8899300AA342C /* Resources */ = {
			isa = PBXResourcesBuildPhase;
			buildActionMask = 2147483647;
			files = (
				11FE746B1DA88E3600AA342C /* Main.storyboard in Resources */,
				11FE74691DA88E3600AA342C /* Assets.xcassets in Resources */,
				11B0D8DC1DA9E22600F49222 /* bart.jpg in Resources */,
				11FE746A1DA88E3600AA342C /* LaunchScreen.storyboard in Resources */,
			);
			runOnlyForDeploymentPostprocessing = 0;
		};
/* End PBXResourcesBuildPhase section */

/* Begin PBXSourcesBuildPhase section */
		11FE741A1DA8899300AA342C /* Sources */ = {
			isa = PBXSourcesBuildPhase;
			buildActionMask = 2147483647;
			files = (
				11FE746F1DA88E3600AA342C /* ViewController.mm in Sources */,
				11B0D8EC1DAA2DE200F49222 /* Scene.cpp in Sources */,
				11FE746E1DA88E3600AA342C /* main.mm in Sources */,
				11FE74551DA88D9C00AA342C /* Application.cpp in Sources */,
				11B0D8D31DA8E56600F49222 /* Vertex.cpp in Sources */,
				11B0D8E31DAA237000F49222 /* Camera.cpp in Sources */,
				11FE746C1DA88E3600AA342C /* HeyMan.xcdatamodeld in Sources */,
				11B0D8D61DA9CD2700F49222 /* Texture.cpp in Sources */,
				11B0D8D91DA9D61400F49222 /* OpenGLESTexture.mm in Sources */,
				11FE74591DA88DAF00AA342C /* Graphics.cpp in Sources */,
				1144BF4F1DA8C56500876030 /* OpenGLESGraphics.mm in Sources */,
				11B0D8EF1DAA2E7C00F49222 /* GhostBartScene.cpp in Sources */,
				1144BF4A1DA8955500876030 /* RenderLayerViewController.mm in Sources */,
				11FE74681DA88E3600AA342C /* AppDelegate.mm in Sources */,
			);
			runOnlyForDeploymentPostprocessing = 0;
		};
/* End PBXSourcesBuildPhase section */

/* Begin PBXVariantGroup section */
		11FE745E1DA88E3600AA342C /* LaunchScreen.storyboard */ = {
			isa = PBXVariantGroup;
			children = (
				11FE745F1DA88E3600AA342C /* Base */,
			);
			name = LaunchScreen.storyboard;
			sourceTree = "<group>";
		};
		11FE74601DA88E3600AA342C /* Main.storyboard */ = {
			isa = PBXVariantGroup;
			children = (
				11FE74611DA88E3600AA342C /* Base */,
			);
			name = Main.storyboard;
			sourceTree = "<group>";
		};
/* End PBXVariantGroup section */

/* Begin XCBuildConfiguration section */
		11FE74361DA8899300AA342C /* Debug */ = {
			isa = XCBuildConfiguration;
			buildSettings = {
				ALWAYS_SEARCH_USER_PATHS = NO;
				CLANG_ANALYZER_NONNULL = YES;
				CLANG_CXX_LANGUAGE_STANDARD = "gnu++0x";
				CLANG_CXX_LIBRARY = "libc++";
				CLANG_ENABLE_MODULES = YES;
				CLANG_ENABLE_OBJC_ARC = YES;
				CLANG_WARN_BOOL_CONVERSION = YES;
				CLANG_WARN_CONSTANT_CONVERSION = YES;
				CLANG_WARN_DIRECT_OBJC_ISA_USAGE = YES_ERROR;
				CLANG_WARN_EMPTY_BODY = YES;
				CLANG_WARN_ENUM_CONVERSION = YES;
				CLANG_WARN_INT_CONVERSION = YES;
				CLANG_WARN_OBJC_ROOT_CLASS = YES_ERROR;
				CLANG_WARN_UNREACHABLE_CODE = YES;
				CLANG_WARN__DUPLICATE_METHOD_MATCH = YES;
				"CODE_SIGN_IDENTITY[sdk=iphoneos*]" = "iPhone Developer";
				COPY_PHASE_STRIP = NO;
				DEBUG_INFORMATION_FORMAT = dwarf;
				ENABLE_STRICT_OBJC_MSGSEND = YES;
				ENABLE_TESTABILITY = YES;
				GCC_C_LANGUAGE_STANDARD = gnu99;
				GCC_DYNAMIC_NO_PIC = NO;
				GCC_NO_COMMON_BLOCKS = YES;
				GCC_OPTIMIZATION_LEVEL = 0;
				GCC_PREPROCESSOR_DEFINITIONS = (
					"DEBUG=1",
					"$(inherited)",
				);
				GCC_WARN_64_TO_32_BIT_CONVERSION = YES;
				GCC_WARN_ABOUT_RETURN_TYPE = YES_ERROR;
				GCC_WARN_UNDECLARED_SELECTOR = YES;
				GCC_WARN_UNINITIALIZED_AUTOS = YES_AGGRESSIVE;
				GCC_WARN_UNUSED_FUNCTION = YES;
				GCC_WARN_UNUSED_VARIABLE = YES;
				IPHONEOS_DEPLOYMENT_TARGET = 8.4;
				MTL_ENABLE_DEBUG_INFO = YES;
				ONLY_ACTIVE_ARCH = YES;
				SDKROOT = iphoneos;
			};
			name = Debug;
		};
		11FE74371DA8899300AA342C /* Release */ = {
			isa = XCBuildConfiguration;
			buildSettings = {
				ALWAYS_SEARCH_USER_PATHS = NO;
				CLANG_ANALYZER_NONNULL = YES;
				CLANG_CXX_LANGUAGE_STANDARD = "gnu++0x";
				CLANG_CXX_LIBRARY = "libc++";
				CLANG_ENABLE_MODULES = YES;
				CLANG_ENABLE_OBJC_ARC = YES;
				CLANG_WARN_BOOL_CONVERSION = YES;
				CLANG_WARN_CONSTANT_CONVERSION = YES;
				CLANG_WARN_DIRECT_OBJC_ISA_USAGE = YES_ERROR;
				CLANG_WARN_EMPTY_BODY = YES;
				CLANG_WARN_ENUM_CONVERSION = YES;
				CLANG_WARN_INT_CONVERSION = YES;
				CLANG_WARN_OBJC_ROOT_CLASS = YES_ERROR;
				CLANG_WARN_UNREACHABLE_CODE = YES;
				CLANG_WARN__DUPLICATE_METHOD_MATCH = YES;
				"CODE_SIGN_IDENTITY[sdk=iphoneos*]" = "iPhone Developer";
				COPY_PHASE_STRIP = NO;
				DEBUG_INFORMATION_FORMAT = "dwarf-with-dsym";
				ENABLE_NS_ASSERTIONS = NO;
				ENABLE_STRICT_OBJC_MSGSEND = YES;
				GCC_C_LANGUAGE_STANDARD = gnu99;
				GCC_NO_COMMON_BLOCKS = YES;
				GCC_WARN_64_TO_32_BIT_CONVERSION = YES;
				GCC_WARN_ABOUT_RETURN_TYPE = YES_ERROR;
				GCC_WARN_UNDECLARED_SELECTOR = YES;
				GCC_WARN_UNINITIALIZED_AUTOS = YES_AGGRESSIVE;
				GCC_WARN_UNUSED_FUNCTION = YES;
				GCC_WARN_UNUSED_VARIABLE = YES;
				IPHONEOS_DEPLOYMENT_TARGET = 8.4;
				MTL_ENABLE_DEBUG_INFO = NO;
				SDKROOT = iphoneos;
				VALIDATE_PRODUCT = YES;
			};
			name = Release;
		};
		11FE74391DA8899300AA342C /* Debug */ = {
			isa = XCBuildConfiguration;
			buildSettings = {
				ASSETCATALOG_COMPILER_APPICON_NAME = AppIcon;
				INFOPLIST_FILE = "$(SRCROOT)/HeyMan/Platform/iOS/Info.plist";
				IPHONEOS_DEPLOYMENT_TARGET = 8.4;
				LD_RUNPATH_SEARCH_PATHS = "$(inherited) @executable_path/Frameworks";
				PRODUCT_BUNDLE_IDENTIFIER = com.ly.HeyMan;
				PRODUCT_NAME = "$(TARGET_NAME)";
			};
			name = Debug;
		};
		11FE743A1DA8899300AA342C /* Release */ = {
			isa = XCBuildConfiguration;
			buildSettings = {
				ASSETCATALOG_COMPILER_APPICON_NAME = AppIcon;
				INFOPLIST_FILE = "$(SRCROOT)/HeyMan/Platform/iOS/Info.plist";
				IPHONEOS_DEPLOYMENT_TARGET = 8.4;
				LD_RUNPATH_SEARCH_PATHS = "$(inherited) @executable_path/Frameworks";
				PRODUCT_BUNDLE_IDENTIFIER = com.ly.HeyMan;
				PRODUCT_NAME = "$(TARGET_NAME)";
			};
			name = Release;
		};
/* End XCBuildConfiguration section */

/* Begin XCConfigurationList section */
		11FE74191DA8899300AA342C /* Build configuration list for PBXProject "HeyMan" */ = {
			isa = XCConfigurationList;
			buildConfigurations = (
				11FE74361DA8899300AA342C /* Debug */,
				11FE74371DA8899300AA342C /* Release */,
			);
			defaultConfigurationIsVisible = 0;
			defaultConfigurationName = Release;
		};
		11FE74381DA8899300AA342C /* Build configuration list for PBXNativeTarget "HeyMan" */ = {
			isa = XCConfigurationList;
			buildConfigurations = (
				11FE74391DA8899300AA342C /* Debug */,
				11FE743A1DA8899300AA342C /* Release */,
			);
			defaultConfigurationIsVisible = 0;
			defaultConfigurationName = Release;
		};
/* End XCConfigurationList section */

/* Begin XCVersionGroup section */
		11FE74621DA88E3600AA342C /* HeyMan.xcdatamodeld */ = {
			isa = XCVersionGroup;
			children = (
				11FE74631DA88E3600AA342C /* HeyMan.xcdatamodel */,
			);
			currentVersion = 11FE74631DA88E3600AA342C /* HeyMan.xcdatamodel */;
			path = HeyMan.xcdatamodeld;
			sourceTree = "<group>";
			versionGroupType = wrapper.xcdatamodel;
		};
/* End XCVersionGroup section */
	};
	rootObject = 11FE74161DA8899300AA342C /* Project object */;
}
